// !$*UTF8*$!
{
	archiveVersion = 1;
	classes = {
	};
	objectVersion = 50;
	objects = {

/* Begin PBXBuildFile section */
		2D58D8BD25E6624900AE9D36 /* AppDelegate.swift in Sources */ = {isa = PBXBuildFile; fileRef = 2D58D8BC25E6624900AE9D36 /* AppDelegate.swift */; };
		2D58D8BF25E6624900AE9D36 /* SceneDelegate.swift in Sources */ = {isa = PBXBuildFile; fileRef = 2D58D8BE25E6624900AE9D36 /* SceneDelegate.swift */; };
		2D58D8C625E6624900AE9D36 /* Assets.xcassets in Resources */ = {isa = PBXBuildFile; fileRef = 2D58D8C525E6624900AE9D36 /* Assets.xcassets */; };
		2D58D8C925E6624900AE9D36 /* LaunchScreen.storyboard in Resources */ = {isa = PBXBuildFile; fileRef = 2D58D8C725E6624900AE9D36 /* LaunchScreen.storyboard */; };
		2D58D8D925E6629300AE9D36 /* ViewController.swift in Sources */ = {isa = PBXBuildFile; fileRef = 2D58D8D725E6629300AE9D36 /* ViewController.swift */; };
		2D58D8DA25E6629300AE9D36 /* ViewController.xib in Resources */ = {isa = PBXBuildFile; fileRef = 2D58D8D825E6629300AE9D36 /* ViewController.xib */; };
		2D58D8DD25E662EE00AE9D36 /* Interest.swift in Sources */ = {isa = PBXBuildFile; fileRef = 2D58D8DC25E662EE00AE9D36 /* Interest.swift */; };
		2D58D8E025E6631300AE9D36 /* InterestGroupView.swift in Sources */ = {isa = PBXBuildFile; fileRef = 2D58D8DF25E6631300AE9D36 /* InterestGroupView.swift */; };
		2D58D8E325E6641800AE9D36 /* InterestView.swift in Sources */ = {isa = PBXBuildFile; fileRef = 2D58D8E225E6641800AE9D36 /* InterestView.swift */; };
/* End PBXBuildFile section */

/* Begin PBXFileReference section */
		2D58D8B925E6624900AE9D36 /* ClubhouseAnimation.app */ = {isa = PBXFileReference; explicitFileType = wrapper.application; includeInIndex = 0; path = ClubhouseAnimation.app; sourceTree = BUILT_PRODUCTS_DIR; };
		2D58D8BC25E6624900AE9D36 /* AppDelegate.swift */ = {isa = PBXFileReference; lastKnownFileType = sourcecode.swift; path = AppDelegate.swift; sourceTree = "<group>"; };
		2D58D8BE25E6624900AE9D36 /* SceneDelegate.swift */ = {isa = PBXFileReference; lastKnownFileType = sourcecode.swift; path = SceneDelegate.swift; sourceTree = "<group>"; };
		2D58D8C525E6624900AE9D36 /* Assets.xcassets */ = {isa = PBXFileReference; lastKnownFileType = folder.assetcatalog; path = Assets.xcassets; sourceTree = "<group>"; };
		2D58D8C825E6624900AE9D36 /* Base */ = {isa = PBXFileReference; lastKnownFileType = file.storyboard; name = Base; path = Base.lproj/LaunchScreen.storyboard; sourceTree = "<group>"; };
		2D58D8CA25E6624900AE9D36 /* Info.plist */ = {isa = PBXFileReference; lastKnownFileType = text.plist.xml; path = Info.plist; sourceTree = "<group>"; };
		2D58D8D725E6629300AE9D36 /* ViewController.swift */ = {isa = PBXFileReference; lastKnownFileType = sourcecode.swift; path = ViewController.swift; sourceTree = "<group>"; };
		2D58D8D825E6629300AE9D36 /* ViewController.xib */ = {isa = PBXFileReference; lastKnownFileType = file.xib; path = ViewController.xib; sourceTree = "<group>"; };
		2D58D8DC25E662EE00AE9D36 /* Interest.swift */ = {isa = PBXFileReference; lastKnownFileType = sourcecode.swift; path = Interest.swift; sourceTree = "<group>"; };
		2D58D8DF25E6631300AE9D36 /* InterestGroupView.swift */ = {isa = PBXFileReference; lastKnownFileType = sourcecode.swift; path = InterestGroupView.swift; sourceTree = "<group>"; };
		2D58D8E225E6641800AE9D36 /* InterestView.swift */ = {isa = PBXFileReference; lastKnownFileType = sourcecode.swift; path = InterestView.swift; sourceTree = "<group>"; };
/* End PBXFileReference section */

/* Begin PBXFrameworksBuildPhase section */
		2D58D8B625E6624900AE9D36 /* Frameworks */ = {
			isa = PBXFrameworksBuildPhase;
			buildActionMask = 2147483647;
			files = (
			);
			runOnlyForDeploymentPostprocessing = 0;
		};
/* End PBXFrameworksBuildPhase section */

/* Begin PBXGroup section */
		2D58D8B025E6624900AE9D36 = {
			isa = PBXGroup;
			children = (
				2D58D8BB25E6624900AE9D36 /* ClubhouseAnimation */,
				2D58D8BA25E6624900AE9D36 /* Products */,
			);
			sourceTree = "<group>";
		};
		2D58D8BA25E6624900AE9D36 /* Products */ = {
			isa = PBXGroup;
			children = (
				2D58D8B925E6624900AE9D36 /* ClubhouseAnimation.app */,
			);
			name = Products;
			sourceTree = "<group>";
		};
		2D58D8BB25E6624900AE9D36 /* ClubhouseAnimation */ = {
			isa = PBXGroup;
			children = (
				2D58D8BC25E6624900AE9D36 /* AppDelegate.swift */,
				2D58D8BE25E6624900AE9D36 /* SceneDelegate.swift */,
				2D58D8C525E6624900AE9D36 /* Assets.xcassets */,
				2D58D8C725E6624900AE9D36 /* LaunchScreen.storyboard */,
				2D58D8CA25E6624900AE9D36 /* Info.plist */,
				2D58D8D725E6629300AE9D36 /* ViewController.swift */,
				2D58D8D825E6629300AE9D36 /* ViewController.xib */,
				2D58D8DC25E662EE00AE9D36 /* Interest.swift */,
				2D58D8DF25E6631300AE9D36 /* InterestGroupView.swift */,
				2D58D8E225E6641800AE9D36 /* InterestView.swift */,
			);
			path = ClubhouseAnimation;
			sourceTree = "<group>";
		};
/* End PBXGroup section */

/* Begin PBXNativeTarget section */
		2D58D8B825E6624900AE9D36 /* ClubhouseAnimation */ = {
			isa = PBXNativeTarget;
			buildConfigurationList = 2D58D8CD25E6624900AE9D36 /* Build configuration list for PBXNativeTarget "ClubhouseAnimation" */;
			buildPhases = (
				2D58D8B525E6624900AE9D36 /* Sources */,
				2D58D8B625E6624900AE9D36 /* Frameworks */,
				2D58D8B725E6624900AE9D36 /* Resources */,
			);
			buildRules = (
			);
			dependencies = (
			);
			name = ClubhouseAnimation;
			productName = ClubhouseAnimation;
			productReference = 2D58D8B925E6624900AE9D36 /* ClubhouseAnimation.app */;
			productType = "com.apple.product-type.application";
		};
/* End PBXNativeTarget section */

/* Begin PBXProject section */
		2D58D8B125E6624900AE9D36 /* Project object */ = {
			isa = PBXProject;
			attributes = {
				LastSwiftUpdateCheck = 1240;
				LastUpgradeCheck = 1240;
				TargetAttributes = {
					2D58D8B825E6624900AE9D36 = {
						CreatedOnToolsVersion = 12.4;
					};
				};
			};
			buildConfigurationList = 2D58D8B425E6624900AE9D36 /* Build configuration list for PBXProject "ClubhouseAnimation" */;
			compatibilityVersion = "Xcode 9.3";
			developmentRegion = en;
			hasScannedForEncodings = 0;
			knownRegions = (
				en,
				Base,
			);
			mainGroup = 2D58D8B025E6624900AE9D36;
			productRefGroup = 2D58D8BA25E6624900AE9D36 /* Products */;
			projectDirPath = "";
			projectRoot = "";
			targets = (
				2D58D8B825E6624900AE9D36 /* ClubhouseAnimation */,
			);
		};
/* End PBXProject section */

/* Begin PBXResourcesBuildPhase section */
		2D58D8B725E6624900AE9D36 /* Resources */ = {
			isa = PBXResourcesBuildPhase;
			buildActionMask = 2147483647;
			files = (
				2D58D8C925E6624900AE9D36 /* LaunchScreen.storyboard in Resources */,
				2D58D8C625E6624900AE9D36 /* Assets.xcassets in Resources */,
				2D58D8DA25E6629300AE9D36 /* ViewController.xib in Resources */,
			);
			runOnlyForDeploymentPostprocessing = 0;
		};
/* End PBXResourcesBuildPhase section */

/* Begin PBXSourcesBuildPhase section */
		2D58D8B525E6624900AE9D36 /* Sources */ = {
			isa = PBXSourcesBuildPhase;
			buildActionMask = 2147483647;
			files = (
				2D58D8E025E6631300AE9D36 /* InterestGroupView.swift in Sources */,
				2D58D8BD25E6624900AE9D36 /* AppDelegate.swift in Sources */,
				2D58D8E325E6641800AE9D36 /* InterestView.swift in Sources */,
				2D58D8D925E6629300AE9D36 /* ViewController.swift in Sources */,
				2D58D8BF25E6624900AE9D36 /* SceneDelegate.swift in Sources */,
				2D58D8DD25E662EE00AE9D36 /* Interest.swift in Sources */,
			);
			runOnlyForDeploymentPostprocessing = 0;
		};
/* End PBXSourcesBuildPhase section */

/* Begin PBXVariantGroup section */
		2D58D8C725E6624900AE9D36 /* LaunchScreen.storyboard */ = {
			isa = PBXVariantGroup;
			children = (
				2D58D8C825E6624900AE9D36 /* Base */,
			);
			name = LaunchScreen.storyboard;
			sourceTree = "<group>";
		};
/* End PBXVariantGroup section */

/* Begin XCBuildConfiguration section */
		2D58D8CB25E6624900AE9D36 /* Debug */ = {
			isa = XCBuildConfiguration;
			buildSettings = {
				ALWAYS_SEARCH_USER_PATHS = NO;
				CLANG_ANALYZER_NONNULL = YES;
				CLANG_ANALYZER_NUMBER_OBJECT_CONVERSION = YES_AGGRESSIVE;
				CLANG_CXX_LANGUAGE_STANDARD = "gnu++14";
				CLANG_CXX_LIBRARY = "libc++";
				CLANG_ENABLE_MODULES = YES;
				CLANG_ENABLE_OBJC_ARC = YES;
				CLANG_ENABLE_OBJC_WEAK = YES;
				CLANG_WARN_BLOCK_CAPTURE_AUTORELEASING = YES;
				CLANG_WARN_BOOL_CONVERSION = YES;
				CLANG_WARN_COMMA = YES;
				CLANG_WARN_CONSTANT_CONVERSION = YES;
				CLANG_WARN_DEPRECATED_OBJC_IMPLEMENTATIONS = YES;
				CLANG_WARN_DIRECT_OBJC_ISA_USAGE = YES_ERROR;
				CLANG_WARN_DOCUMENTATION_COMMENTS = YES;
				CLANG_WARN_EMPTY_BODY = YES;
				CLANG_WARN_ENUM_CONVERSION = YES;
				CLANG_WARN_INFINITE_RECURSION = YES;
				CLANG_WARN_INT_CONVERSION = YES;
				CLANG_WARN_NON_LITERAL_NULL_CONVERSION = YES;
				CLANG_WARN_OBJC_IMPLICIT_RETAIN_SELF = YES;
				CLANG_WARN_OBJC_LITERAL_CONVERSION = YES;
				CLANG_WARN_OBJC_ROOT_CLASS = YES_ERROR;
				CLANG_WARN_QUOTED_INCLUDE_IN_FRAMEWORK_HEADER = YES;
				CLANG_WARN_RANGE_LOOP_ANALYSIS = YES;
				CLANG_WARN_STRICT_PROTOTYPES = YES;
				CLANG_WARN_SUSPICIOUS_MOVE = YES;
				CLANG_WARN_UNGUARDED_AVAILABILITY = YES_AGGRESSIVE;
				CLANG_WARN_UNREACHABLE_CODE = YES;
				CLANG_WARN__DUPLICATE_METHOD_MATCH = YES;
				COPY_PHASE_STRIP = NO;
				DEBUG_INFORMATION_FORMAT = dwarf;
				ENABLE_STRICT_OBJC_MSGSEND = YES;
				ENABLE_TESTABILITY = YES;
				GCC_C_LANGUAGE_STANDARD = gnu11;
				GCC_DYNAMIC_NO_PIC = NO;
				GCC_NO_COMMON_BLOCKS = YES;
				GCC_OPTIMIZATION_LEVEL = 0;
				GCC_PREPROCESSOR_DEFINITIONS = (
					"DEBUG=1",
					"$(inherited)",
				);
				GCC_WARN_64_TO_32_BIT_CONVERSION = YES;
				GCC_WARN_ABOUT_RETURN_TYPE = YES_ERROR;
				GCC_WARN_UNDECLARED_SELECTOR = YES;
				GCC_WARN_UNINITIALIZED_AUTOS = YES_AGGRESSIVE;
				GCC_WARN_UNUSED_FUNCTION = YES;
				GCC_WARN_UNUSED_VARIABLE = YES;
				IPHONEOS_DEPLOYMENT_TARGET = 14.4;
				MTL_ENABLE_DEBUG_INFO = INCLUDE_SOURCE;
				MTL_FAST_MATH = YES;
				ONLY_ACTIVE_ARCH = YES;
				SDKROOT = iphoneos;
				SWIFT_ACTIVE_COMPILATION_CONDITIONS = DEBUG;
				SWIFT_OPTIMIZATION_LEVEL = "-Onone";
			};
			name = Debug;
		};
		2D58D8CC25E6624900AE9D36 /* Release */ = {
			isa = XCBuildConfiguration;
			buildSettings = {
				ALWAYS_SEARCH_USER_PATHS = NO;
				CLANG_ANALYZER_NONNULL = YES;
				CLANG_ANALYZER_NUMBER_OBJECT_CONVERSION = YES_AGGRESSIVE;
				CLANG_CXX_LANGUAGE_STANDARD = "gnu++14";
				CLANG_CXX_LIBRARY = "libc++";
				CLANG_ENABLE_MODULES = YES;
				CLANG_ENABLE_OBJC_ARC = YES;
				CLANG_ENABLE_OBJC_WEAK = YES;
				CLANG_WARN_BLOCK_CAPTURE_AUTORELEASING = YES;
				CLANG_WARN_BOOL_CONVERSION = YES;
				CLANG_WARN_COMMA = YES;
				CLANG_WARN_CONSTANT_CONVERSION = YES;
				CLANG_WARN_DEPRECATED_OBJC_IMPLEMENTATIONS = YES;
				CLANG_WARN_DIRECT_OBJC_ISA_USAGE = YES_ERROR;
				CLANG_WARN_DOCUMENTATION_COMMENTS = YES;
				CLANG_WARN_EMPTY_BODY = YES;
				CLANG_WARN_ENUM_CONVERSION = YES;
				CLANG_WARN_INFINITE_RECURSION = YES;
				CLANG_WARN_INT_CONVERSION = YES;
				CLANG_WARN_NON_LITERAL_NULL_CONVERSION = YES;
				CLANG_WARN_OBJC_IMPLICIT_RETAIN_SELF = YES;
				CLANG_WARN_OBJC_LITERAL_CONVERSION = YES;
				CLANG_WARN_OBJC_ROOT_CLASS = YES_ERROR;
				CLANG_WARN_QUOTED_INCLUDE_IN_FRAMEWORK_HEADER = YES;
				CLANG_WARN_RANGE_LOOP_ANALYSIS = YES;
				CLANG_WARN_STRICT_PROTOTYPES = YES;
				CLANG_WARN_SUSPICIOUS_MOVE = YES;
				CLANG_WARN_UNGUARDED_AVAILABILITY = YES_AGGRESSIVE;
				CLANG_WARN_UNREACHABLE_CODE = YES;
				CLANG_WARN__DUPLICATE_METHOD_MATCH = YES;
				COPY_PHASE_STRIP = NO;
				DEBUG_INFORMATION_FORMAT = "dwarf-with-dsym";
				ENABLE_NS_ASSERTIONS = NO;
				ENABLE_STRICT_OBJC_MSGSEND = YES;
				GCC_C_LANGUAGE_STANDARD = gnu11;
				GCC_NO_COMMON_BLOCKS = YES;
				GCC_WARN_64_TO_32_BIT_CONVERSION = YES;
				GCC_WARN_ABOUT_RETURN_TYPE = YES_ERROR;
				GCC_WARN_UNDECLARED_SELECTOR = YES;
				GCC_WARN_UNINITIALIZED_AUTOS = YES_AGGRESSIVE;
				GCC_WARN_UNUSED_FUNCTION = YES;
				GCC_WARN_UNUSED_VARIABLE = YES;
				IPHONEOS_DEPLOYMENT_TARGET = 14.4;
				MTL_ENABLE_DEBUG_INFO = NO;
				MTL_FAST_MATH = YES;
				SDKROOT = iphoneos;
				SWIFT_COMPILATION_MODE = wholemodule;
				SWIFT_OPTIMIZATION_LEVEL = "-O";
				VALIDATE_PRODUCT = YES;
			};
			name = Release;
		};
		2D58D8CE25E6624900AE9D36 /* Debug */ = {
			isa = XCBuildConfiguration;
			buildSettings = {
				ASSETCATALOG_COMPILER_APPICON_NAME = AppIcon;
				ASSETCATALOG_COMPILER_GLOBAL_ACCENT_COLOR_NAME = AccentColor;
				CODE_SIGN_STYLE = Automatic;
				INFOPLIST_FILE = ClubhouseAnimation/Info.plist;
				LD_RUNPATH_SEARCH_PATHS = (
					"$(inherited)",
					"@executable_path/Frameworks",
				);
				PRODUCT_BUNDLE_IDENTIFIER = com.testcompany.ClubhouseAnimation;
				PRODUCT_NAME = "$(TARGET_NAME)";
				SWIFT_VERSION = 5.0;
				TARGETED_DEVICE_FAMILY = "1,2";
			};
			name = Debug;
		};
		2D58D8CF25E6624900AE9D36 /* Release */ = {
			isa = XCBuildConfiguration;
			buildSettings = {
				ASSETCATALOG_COMPILER_APPICON_NAME = AppIcon;
				ASSETCATALOG_COMPILER_GLOBAL_ACCENT_COLOR_NAME = AccentColor;
				CODE_SIGN_STYLE = Automatic;
				INFOPLIST_FILE = ClubhouseAnimation/Info.plist;
				LD_RUNPATH_SEARCH_PATHS = (
					"$(inherited)",
					"@executable_path/Frameworks",
				);
				PRODUCT_BUNDLE_IDENTIFIER = com.testcompany.ClubhouseAnimation;
				PRODUCT_NAME = "$(TARGET_NAME)";
				SWIFT_VERSION = 5.0;
				TARGETED_DEVICE_FAMILY = "1,2";
			};
			name = Release;
		};
/* End XCBuildConfiguration section */

/* Begin XCConfigurationList section */
		2D58D8B425E6624900AE9D36 /* Build configuration list for PBXProject "ClubhouseAnimation" */ = {
			isa = XCConfigurationList;
			buildConfigurations = (
				2D58D8CB25E6624900AE9D36 /* Debug */,
				2D58D8CC25E6624900AE9D36 /* Release */,
			);
			defaultConfigurationIsVisible = 0;
			defaultConfigurationName = Release;
		};
		2D58D8CD25E6624900AE9D36 /* Build configuration list for PBXNativeTarget "ClubhouseAnimation" */ = {
			isa = XCConfigurationList;
			buildConfigurations = (
				2D58D8CE25E6624900AE9D36 /* Debug */,
				2D58D8CF25E6624900AE9D36 /* Release */,
			);
			defaultConfigurationIsVisible = 0;
			defaultConfigurationName = Release;
		};
/* End XCConfigurationList section */
	};
	rootObject = 2D58D8B125E6624900AE9D36 /* Project object */;
}
